
Microsoft Visual Studio Solution File, Format Version 12.00
# Visual Studio Version 17
VisualStudioVersion = 17.0.31903.59
MinimumVisualStudioVersion = 10.0.40219.1
Project("{2150E333-8FDC-42A3-9474-1A3956D46DE8}") = "SourceCode", "SourceCode", "{1CE96ABC-977F-9E98-3EDA-16B046FFEBCD}"
EndProject
Project("{FAE04EC0-301F-11D3-BF4B-00C04F79EFBC}") = "QuanLyThuVien.Domain", "SourceCode\QuanLyThuVien.Domain\QuanLyThuVien.Domain.csproj", "{7716CD4A-3A05-4114-AA3D-3C21DBFD0A74}"
EndProject
Project("{FAE04EC0-301F-11D3-BF4B-00C04F79EFBC}") = "QuanLyThuVien.Application", "SourceCode\QuanLyThuVien.Application\QuanLyThuVien.Application.csproj", "{AC2834D4-CA51-43D9-B0C7-3D506B112FCC}"
EndProject
Project("{FAE04EC0-301F-11D3-BF4B-00C04F79EFBC}") = "QuanLyThuVien.Infrastructure", "SourceCode\QuanLyThuVien.Infrastructure\QuanLyThuVien.Infrastructure.csproj", "{43F7AF1E-F0EE-40D2-AA6C-8A632F296033}"
EndProject
Project("{FAE04EC0-301F-11D3-BF4B-00C04F79EFBC}") = "QuanLyThuVien.Api", "SourceCode\QuanLyThuVien.Api\QuanLyThuVien.Api.csproj", "{6C6542A2-641D-4E3B-B8E0-EBEF407E72FD}"
EndProject
Project("{FAE04EC0-301F-11D3-BF4B-00C04F79EFBC}") = "QuanLyThuVien.Web", "SourceCode\QuanLyThuVien.Web\QuanLyThuVien.Web.csproj", "{405DBF17-E757-43C4-B7D8-DB0FC5D97EBE}"
EndProject
Project("{FAE04EC0-301F-11D3-BF4B-00C04F79EFBC}") = "QuanLyThuVien.Desktop", "SourceCode\QuanLyThuVien.Desktop\QuanLyThuVien.Desktop.csproj", "{0C0656A0-C760-4F5C-969A-A6CF607C827E}"
EndProject
Project("{2150E333-8FDC-42A3-9474-1A3956D46DE8}") = "Tests", "Tests", "{0AB3BF05-4346-4AA6-1389-037BE0695223}"
EndProject
Project("{FAE04EC0-301F-11D3-BF4B-00C04F79EFBC}") = "QuanLyThuVien.UnitTests", "Tests\QuanLyThuVien.UnitTests\QuanLyThuVien.UnitTests.csproj", "{F11D681A-A96E-4BBB-9D00-4195124A2588}"
EndProject
Project("{FAE04EC0-301F-11D3-BF4B-00C04F79EFBC}") = "QuanLyThuVien.IntegrationTests", "Tests\QuanLyThuVien.IntegrationTests\QuanLyThuVien.IntegrationTests.csproj", "{2258D9F5-30C1-4167-B2CF-63B941A88FC6}"
EndProject
Global
	GlobalSection(SolutionConfigurationPlatforms) = preSolution
		Debug|Any CPU = Debug|Any CPU
		Debug|x64 = Debug|x64
		Debug|x86 = Debug|x86
		Release|Any CPU = Release|Any CPU
		Release|x64 = Release|x64
		Release|x86 = Release|x86
	EndGlobalSection
	GlobalSection(ProjectConfigurationPlatforms) = postSolution
		{7716CD4A-3A05-4114-AA3D-3C21DBFD0A74}.Debug|Any CPU.ActiveCfg = Debug|Any CPU
		{7716CD4A-3A05-4114-AA3D-3C21DBFD0A74}.Debug|Any CPU.Build.0 = Debug|Any CPU
		{7716CD4A-3A05-4114-AA3D-3C21DBFD0A74}.Debug|x64.ActiveCfg = Debug|Any CPU
		{7716CD4A-3A05-4114-AA3D-3C21DBFD0A74}.Debug|x64.Build.0 = Debug|Any CPU
		{7716CD4A-3A05-4114-AA3D-3C21DBFD0A74}.Debug|x86.ActiveCfg = Debug|Any CPU
		{7716CD4A-3A05-4114-AA3D-3C21DBFD0A74}.Debug|x86.Build.0 = Debug|Any CPU
		{7716CD4A-3A05-4114-AA3D-3C21DBFD0A74}.Release|Any CPU.ActiveCfg = Release|Any CPU
		{7716CD4A-3A05-4114-AA3D-3C21DBFD0A74}.Release|Any CPU.Build.0 = Release|Any CPU
		{7716CD4A-3A05-4114-AA3D-3C21DBFD0A74}.Release|x64.ActiveCfg = Release|Any CPU
		{7716CD4A-3A05-4114-AA3D-3C21DBFD0A74}.Release|x64.Build.0 = Release|Any CPU
		{7716CD4A-3A05-4114-AA3D-3C21DBFD0A74}.Release|x86.ActiveCfg = Release|Any CPU
		{7716CD4A-3A05-4114-AA3D-3C21DBFD0A74}.Release|x86.Build.0 = Release|Any CPU
		{AC2834D4-CA51-43D9-B0C7-3D506B112FCC}.Debug|Any CPU.ActiveCfg = Debug|Any CPU
		{AC2834D4-CA51-43D9-B0C7-3D506B112FCC}.Debug|Any CPU.Build.0 = Debug|Any CPU
		{AC2834D4-CA51-43D9-B0C7-3D506B112FCC}.Debug|x64.ActiveCfg = Debug|Any CPU
		{AC2834D4-CA51-43D9-B0C7-3D506B112FCC}.Debug|x64.Build.0 = Debug|Any CPU
		{AC2834D4-CA51-43D9-B0C7-3D506B112FCC}.Debug|x86.ActiveCfg = Debug|Any CPU
		{AC2834D4-CA51-43D9-B0C7-3D506B112FCC}.Debug|x86.Build.0 = Debug|Any CPU
		{AC2834D4-CA51-43D9-B0C7-3D506B112FCC}.Release|Any CPU.ActiveCfg = Release|Any CPU
		{AC2834D4-CA51-43D9-B0C7-3D506B112FCC}.Release|Any CPU.Build.0 = Release|Any CPU
		{AC2834D4-CA51-43D9-B0C7-3D506B112FCC}.Release|x64.ActiveCfg = Release|Any CPU
		{AC2834D4-CA51-43D9-B0C7-3D506B112FCC}.Release|x64.Build.0 = Release|Any CPU
		{AC2834D4-CA51-43D9-B0C7-3D506B112FCC}.Release|x86.ActiveCfg = Release|Any CPU
		{AC2834D4-CA51-43D9-B0C7-3D506B112FCC}.Release|x86.Build.0 = Release|Any CPU
		{43F7AF1E-F0EE-40D2-AA6C-8A632F296033}.Debug|Any CPU.ActiveCfg = Debug|Any CPU
		{43F7AF1E-F0EE-40D2-AA6C-8A632F296033}.Debug|Any CPU.Build.0 = Debug|Any CPU
		{43F7AF1E-F0EE-40D2-AA6C-8A632F296033}.Debug|x64.ActiveCfg = Debug|Any CPU
		{43F7AF1E-F0EE-40D2-AA6C-8A632F296033}.Debug|x64.Build.0 = Debug|Any CPU
		{43F7AF1E-F0EE-40D2-AA6C-8A632F296033}.Debug|x86.ActiveCfg = Debug|Any CPU
		{43F7AF1E-F0EE-40D2-AA6C-8A632F296033}.Debug|x86.Build.0 = Debug|Any CPU
		{43F7AF1E-F0EE-40D2-AA6C-8A632F296033}.Release|Any CPU.ActiveCfg = Release|Any CPU
		{43F7AF1E-F0EE-40D2-AA6C-8A632F296033}.Release|Any CPU.Build.0 = Release|Any CPU
		{43F7AF1E-F0EE-40D2-AA6C-8A632F296033}.Release|x64.ActiveCfg = Release|Any CPU
		{43F7AF1E-F0EE-40D2-AA6C-8A632F296033}.Release|x64.Build.0 = Release|Any CPU
		{43F7AF1E-F0EE-40D2-AA6C-8A632F296033}.Release|x86.ActiveCfg = Release|Any CPU
		{43F7AF1E-F0EE-40D2-AA6C-8A632F296033}.Release|x86.Build.0 = Release|Any CPU
		{6C6542A2-641D-4E3B-B8E0-EBEF407E72FD}.Debug|Any CPU.ActiveCfg = Debug|Any CPU
		{6C6542A2-641D-4E3B-B8E0-EBEF407E72FD}.Debug|Any CPU.Build.0 = Debug|Any CPU
		{6C6542A2-641D-4E3B-B8E0-EBEF407E72FD}.Debug|x64.ActiveCfg = Debug|Any CPU
		{6C6542A2-641D-4E3B-B8E0-EBEF407E72FD}.Debug|x64.Build.0 = Debug|Any CPU
		{6C6542A2-641D-4E3B-B8E0-EBEF407E72FD}.Debug|x86.ActiveCfg = Debug|Any CPU
		{6C6542A2-641D-4E3B-B8E0-EBEF407E72FD}.Debug|x86.Build.0 = Debug|Any CPU
		{6C6542A2-641D-4E3B-B8E0-EBEF407E72FD}.Release|Any CPU.ActiveCfg = Release|Any CPU
		{6C6542A2-641D-4E3B-B8E0-EBEF407E72FD}.Release|Any CPU.Build.0 = Release|Any CPU
		{6C6542A2-641D-4E3B-B8E0-EBEF407E72FD}.Release|x64.ActiveCfg = Release|Any CPU
		{6C6542A2-641D-4E3B-B8E0-EBEF407E72FD}.Release|x64.Build.0 = Release|Any CPU
		{6C6542A2-641D-4E3B-B8E0-EBEF407E72FD}.Release|x86.ActiveCfg = Release|Any CPU
		{6C6542A2-641D-4E3B-B8E0-EBEF407E72FD}.Release|x86.Build.0 = Release|Any CPU
		{405DBF17-E757-43C4-B7D8-DB0FC5D97EBE}.Debug|Any CPU.ActiveCfg = Debug|Any CPU
		{405DBF17-E757-43C4-B7D8-DB0FC5D97EBE}.Debug|Any CPU.Build.0 = Debug|Any CPU
		{405DBF17-E757-43C4-B7D8-DB0FC5D97EBE}.Debug|x64.ActiveCfg = Debug|Any CPU
		{405DBF17-E757-43C4-B7D8-DB0FC5D97EBE}.Debug|x64.Build.0 = Debug|Any CPU
		{405DBF17-E757-43C4-B7D8-DB0FC5D97EBE}.Debug|x86.ActiveCfg = Debug|Any CPU
		{405DBF17-E757-43C4-B7D8-DB0FC5D97EBE}.Debug|x86.Build.0 = Debug|Any CPU
		{405DBF17-E757-43C4-B7D8-DB0FC5D97EBE}.Release|Any CPU.ActiveCfg = Release|Any CPU
		{405DBF17-E757-43C4-B7D8-DB0FC5D97EBE}.Release|Any CPU.Build.0 = Release|Any CPU
		{405DBF17-E757-43C4-B7D8-DB0FC5D97EBE}.Release|x64.ActiveCfg = Release|Any CPU
		{405DBF17-E757-43C4-B7D8-DB0FC5D97EBE}.Release|x64.Build.0 = Release|Any CPU
		{405DBF17-E757-43C4-B7D8-DB0FC5D97EBE}.Release|x86.ActiveCfg = Release|Any CPU
		{405DBF17-E757-43C4-B7D8-DB0FC5D97EBE}.Release|x86.Build.0 = Release|Any CPU
		{0C0656A0-C760-4F5C-969A-A6CF607C827E}.Debug|Any CPU.ActiveCfg = Debug|Any CPU
		{0C0656A0-C760-4F5C-969A-A6CF607C827E}.Debug|Any CPU.Build.0 = Debug|Any CPU
		{0C0656A0-C760-4F5C-969A-A6CF607C827E}.Debug|x64.ActiveCfg = Debug|Any CPU
		{0C0656A0-C760-4F5C-969A-A6CF607C827E}.Debug|x64.Build.0 = Debug|Any CPU
		{0C0656A0-C760-4F5C-969A-A6CF607C827E}.Debug|x86.ActiveCfg = Debug|Any CPU
		{0C0656A0-C760-4F5C-969A-A6CF607C827E}.Debug|x86.Build.0 = Debug|Any CPU
		{0C0656A0-C760-4F5C-969A-A6CF607C827E}.Release|Any CPU.ActiveCfg = Release|Any CPU
		{0C0656A0-C760-4F5C-969A-A6CF607C827E}.Release|Any CPU.Build.0 = Release|Any CPU
		{0C0656A0-C760-4F5C-969A-A6CF607C827E}.Release|x64.ActiveCfg = Release|Any CPU
		{0C0656A0-C760-4F5C-969A-A6CF607C827E}.Release|x64.Build.0 = Release|Any CPU
		{0C0656A0-C760-4F5C-969A-A6CF607C827E}.Release|x86.ActiveCfg = Release|Any CPU
		{0C0656A0-C760-4F5C-969A-A6CF607C827E}.Release|x86.Build.0 = Release|Any CPU
		{F11D681A-A96E-4BBB-9D00-4195124A2588}.Debug|Any CPU.ActiveCfg = Debug|Any CPU
		{F11D681A-A96E-4BBB-9D00-4195124A2588}.Debug|Any CPU.Build.0 = Debug|Any CPU
		{F11D681A-A96E-4BBB-9D00-4195124A2588}.Debug|x64.ActiveCfg = Debug|Any CPU
		{F11D681A-A96E-4BBB-9D00-4195124A2588}.Debug|x64.Build.0 = Debug|Any CPU
		{F11D681A-A96E-4BBB-9D00-4195124A2588}.Debug|x86.ActiveCfg = Debug|Any CPU
		{F11D681A-A96E-4BBB-9D00-4195124A2588}.Debug|x86.Build.0 = Debug|Any CPU
		{F11D681A-A96E-4BBB-9D00-4195124A2588}.Release|Any CPU.ActiveCfg = Release|Any CPU
		{F11D681A-A96E-4BBB-9D00-4195124A2588}.Release|Any CPU.Build.0 = Release|Any CPU
		{F11D681A-A96E-4BBB-9D00-4195124A2588}.Release|x64.ActiveCfg = Release|Any CPU
		{F11D681A-A96E-4BBB-9D00-4195124A2588}.Release|x64.Build.0 = Release|Any CPU
		{F11D681A-A96E-4BBB-9D00-4195124A2588}.Release|x86.ActiveCfg = Release|Any CPU
		{F11D681A-A96E-4BBB-9D00-4195124A2588}.Release|x86.Build.0 = Release|Any CPU
		{2258D9F5-30C1-4167-B2CF-63B941A88FC6}.Debug|Any CPU.ActiveCfg = Debug|Any CPU
		{2258D9F5-30C1-4167-B2CF-63B941A88FC6}.Debug|Any CPU.Build.0 = Debug|Any CPU
		{2258D9F5-30C1-4167-B2CF-63B941A88FC6}.Debug|x64.ActiveCfg = Debug|Any CPU
		{2258D9F5-30C1-4167-B2CF-63B941A88FC6}.Debug|x64.Build.0 = Debug|Any CPU
		{2258D9F5-30C1-4167-B2CF-63B941A88FC6}.Debug|x86.ActiveCfg = Debug|Any CPU
		{2258D9F5-30C1-4167-B2CF-63B941A88FC6}.Debug|x86.Build.0 = Debug|Any CPU
		{2258D9F5-30C1-4167-B2CF-63B941A88FC6}.Release|Any CPU.ActiveCfg = Release|Any CPU
		{2258D9F5-30C1-4167-B2CF-63B941A88FC6}.Release|Any CPU.Build.0 = Release|Any CPU
		{2258D9F5-30C1-4167-B2CF-63B941A88FC6}.Release|x64.ActiveCfg = Release|Any CPU
		{2258D9F5-30C1-4167-B2CF-63B941A88FC6}.Release|x64.Build.0 = Release|Any CPU
		{2258D9F5-30C1-4167-B2CF-63B941A88FC6}.Release|x86.ActiveCfg = Release|Any CPU
		{2258D9F5-30C1-4167-B2CF-63B941A88FC6}.Release|x86.Build.0 = Release|Any CPU
	EndGlobalSection
	GlobalSection(SolutionProperties) = preSolution
		HideSolutionNode = FALSE
	EndGlobalSection
	GlobalSection(NestedProjects) = preSolution
		{7716CD4A-3A05-4114-AA3D-3C21DBFD0A74} = {1CE96ABC-977F-9E98-3EDA-16B046FFEBCD}
		{AC2834D4-CA51-43D9-B0C7-3D506B112FCC} = {1CE96ABC-977F-9E98-3EDA-16B046FFEBCD}
		{43F7AF1E-F0EE-40D2-AA6C-8A632F296033} = {1CE96ABC-977F-9E98-3EDA-16B046FFEBCD}
		{6C6542A2-641D-4E3B-B8E0-EBEF407E72FD} = {1CE96ABC-977F-9E98-3EDA-16B046FFEBCD}
		{405DBF17-E757-43C4-B7D8-DB0FC5D97EBE} = {1CE96ABC-977F-9E98-3EDA-16B046FFEBCD}
		{0C0656A0-C760-4F5C-969A-A6CF607C827E} = {1CE96ABC-977F-9E98-3EDA-16B046FFEBCD}
		{F11D681A-A96E-4BBB-9D00-4195124A2588} = {0AB3BF05-4346-4AA6-1389-037BE0695223}
		{2258D9F5-30C1-4167-B2CF-63B941A88FC6} = {0AB3BF05-4346-4AA6-1389-037BE0695223}
	EndGlobalSection
EndGlobal
